PODS:
  - AWSAppSync (2.13.1):
    - AWSCore (~> 2.9.0)
    - ReachabilitySwift (= 4.3.0)
    - SQLite.swift (= 0.11.6)
  - AWSCore (2.9.10)
  - ReachabilitySwift (4.3.0)
  - SQLite.swift (0.11.6):
    - SQLite.swift/standard (= 0.11.6)
  - SQLite.swift/standard (0.11.6)

DEPENDENCIES:
  - AWSAppSync (~> 2.13.0)

SPEC REPOS:
  https://github.com/cocoapods/specs.git:
    - AWSAppSync
    - AWSCore
    - ReachabilitySwift
    - SQLite.swift

SPEC CHECKSUMS:
  AWSAppSync: 6dd42e4c25ff01cfa652392bdc080bb9ec2b6d5f
  AWSCore: 22b6bbc6761ca9981d878155d11bc02edd681a64
  ReachabilitySwift: 408477d1b6ed9779dba301953171e017c31241f3
  SQLite.swift: 46d890be8601964454bd3392527f863d1b802d45

PODFILE CHECKSUM: bcb0c642bd115a5b079533e658c3294d5ee21386

COCOAPODS: 1.6.1
